
Microsoft Visual Studio Solution File, Format Version 12.00
# Visual Studio 15
VisualStudioVersion = 15.0.28307.421
MinimumVisualStudioVersion = 10.0.40219.1
Project("{9A19103F-16F7-4668-BE54-9A1E7A4F7556}") = "LionMallApi", "LionMallApi\LionMallApi.csproj", "{93D1DF84-7094-4655-97FA-DD9FDDB5E9FB}"
EndProject
Project("{2150E333-8FDC-42A3-9474-1A3956D46DE8}") = "Common", "Common", "{3400B870-82CA-4EEE-92DE-95F0B46A4C9C}"
EndProject
Project("{2150E333-8FDC-42A3-9474-1A3956D46DE8}") = "DataCommon", "DataCommon", "{C1A94ECB-BAAF-4668-AF34-8B5800F22E40}"
EndProject
Project("{2150E333-8FDC-42A3-9474-1A3956D46DE8}") = "ServicesLayer", "ServicesLayer", "{8BD45884-4591-43D1-A905-3DBBF14121C9}"
EndProject
Project("{9A19103F-16F7-4668-BE54-9A1E7A4F7556}") = "Prod.Core", "Prod.Core\Prod.Core.csproj", "{1138A882-4496-4D11-A69B-4FD48AA89A2F}"
EndProject
Project("{9A19103F-16F7-4668-BE54-9A1E7A4F7556}") = "Dapper.Extension.Core", "Dapper.Extension.Core\Dapper.Extension.Core.csproj", "{A9017B62-3963-45B1-8051-7CE433BA853A}"
EndProject
Project("{9A19103F-16F7-4668-BE54-9A1E7A4F7556}") = "Dapper.Extension.MsSql", "Dapper.Extension.MsSql\Dapper.Extension.MsSql.csproj", "{E9773672-1980-4C69-A209-E4CE51E3F205}"
EndProject
Project("{9A19103F-16F7-4668-BE54-9A1E7A4F7556}") = "DataCommon", "DataCommon\DataCommon.csproj", "{56BA5EB8-3621-4BCA-B514-C0D49B32B320}"
EndProject
Project("{9A19103F-16F7-4668-BE54-9A1E7A4F7556}") = "Lion.Services", "Lion.Services\Lion.Services.csproj", "{D3F19144-90F9-4110-8B03-DE82CEA4A93D}"
EndProject
Project("{2150E333-8FDC-42A3-9474-1A3956D46DE8}") = "EntityLayer", "EntityLayer", "{BC92748B-669D-4585-B158-FA84A17F35C1}"
EndProject
Project("{9A19103F-16F7-4668-BE54-9A1E7A4F7556}") = "Lion.Entity", "Lion.Entity\Lion.Entity.csproj", "{0B7A50CE-603C-44E3-8159-86BB7458CAB9}"
EndProject
Project("{2150E333-8FDC-42A3-9474-1A3956D46DE8}") = "DataLayer", "DataLayer", "{12E0E0DE-9DE1-4563-A6A0-8FC4337C89EE}"
EndProject
Project("{9A19103F-16F7-4668-BE54-9A1E7A4F7556}") = "Lion.ViewModel", "Lion.ViewModel\Lion.ViewModel.csproj", "{279CC36D-13C6-42BB-B93F-B5C0379508FF}"
EndProject
Project("{9A19103F-16F7-4668-BE54-9A1E7A4F7556}") = "LionMall.Tools", "LionMall.Tools\LionMall.Tools.csproj", "{1F24616A-938D-4310-A2A4-BF6E30C1CA0E}"
EndProject
Project("{FAE04EC0-301F-11D3-BF4B-00C04F79EFBC}") = "LionGateWay", "LionGateWay\LionGateWay.csproj", "{F4080BBF-B28E-469B-B99D-83070FC0F824}"
EndProject
Global
	GlobalSection(SolutionConfigurationPlatforms) = preSolution
		Debug|Any CPU = Debug|Any CPU
		Release|Any CPU = Release|Any CPU
	EndGlobalSection
	GlobalSection(ProjectConfigurationPlatforms) = postSolution
		{93D1DF84-7094-4655-97FA-DD9FDDB5E9FB}.Debug|Any CPU.ActiveCfg = Debug|Any CPU
		{93D1DF84-7094-4655-97FA-DD9FDDB5E9FB}.Debug|Any CPU.Build.0 = Debug|Any CPU
		{93D1DF84-7094-4655-97FA-DD9FDDB5E9FB}.Release|Any CPU.ActiveCfg = Release|Any CPU
		{93D1DF84-7094-4655-97FA-DD9FDDB5E9FB}.Release|Any CPU.Build.0 = Release|Any CPU
		{1138A882-4496-4D11-A69B-4FD48AA89A2F}.Debug|Any CPU.ActiveCfg = Debug|Any CPU
		{1138A882-4496-4D11-A69B-4FD48AA89A2F}.Debug|Any CPU.Build.0 = Debug|Any CPU
		{1138A882-4496-4D11-A69B-4FD48AA89A2F}.Release|Any CPU.ActiveCfg = Release|Any CPU
		{1138A882-4496-4D11-A69B-4FD48AA89A2F}.Release|Any CPU.Build.0 = Release|Any CPU
		{A9017B62-3963-45B1-8051-7CE433BA853A}.Debug|Any CPU.ActiveCfg = Debug|Any CPU
		{A9017B62-3963-45B1-8051-7CE433BA853A}.Debug|Any CPU.Build.0 = Debug|Any CPU
		{A9017B62-3963-45B1-8051-7CE433BA853A}.Release|Any CPU.ActiveCfg = Release|Any CPU
		{A9017B62-3963-45B1-8051-7CE433BA853A}.Release|Any CPU.Build.0 = Release|Any CPU
		{E9773672-1980-4C69-A209-E4CE51E3F205}.Debug|Any CPU.ActiveCfg = Debug|Any CPU
		{E9773672-1980-4C69-A209-E4CE51E3F205}.Debug|Any CPU.Build.0 = Debug|Any CPU
		{E9773672-1980-4C69-A209-E4CE51E3F205}.Release|Any CPU.ActiveCfg = Release|Any CPU
		{E9773672-1980-4C69-A209-E4CE51E3F205}.Release|Any CPU.Build.0 = Release|Any CPU
		{56BA5EB8-3621-4BCA-B514-C0D49B32B320}.Debug|Any CPU.ActiveCfg = Debug|Any CPU
		{56BA5EB8-3621-4BCA-B514-C0D49B32B320}.Debug|Any CPU.Build.0 = Debug|Any CPU
		{56BA5EB8-3621-4BCA-B514-C0D49B32B320}.Release|Any CPU.ActiveCfg = Release|Any CPU
		{56BA5EB8-3621-4BCA-B514-C0D49B32B320}.Release|Any CPU.Build.0 = Release|Any CPU
		{D3F19144-90F9-4110-8B03-DE82CEA4A93D}.Debug|Any CPU.ActiveCfg = Debug|Any CPU
		{D3F19144-90F9-4110-8B03-DE82CEA4A93D}.Debug|Any CPU.Build.0 = Debug|Any CPU
		{D3F19144-90F9-4110-8B03-DE82CEA4A93D}.Release|Any CPU.ActiveCfg = Release|Any CPU
		{D3F19144-90F9-4110-8B03-DE82CEA4A93D}.Release|Any CPU.Build.0 = Release|Any CPU
		{0B7A50CE-603C-44E3-8159-86BB7458CAB9}.Debug|Any CPU.ActiveCfg = Debug|Any CPU
		{0B7A50CE-603C-44E3-8159-86BB7458CAB9}.Debug|Any CPU.Build.0 = Debug|Any CPU
		{0B7A50CE-603C-44E3-8159-86BB7458CAB9}.Release|Any CPU.ActiveCfg = Release|Any CPU
		{0B7A50CE-603C-44E3-8159-86BB7458CAB9}.Release|Any CPU.Build.0 = Release|Any CPU
		{279CC36D-13C6-42BB-B93F-B5C0379508FF}.Debug|Any CPU.ActiveCfg = Debug|Any CPU
		{279CC36D-13C6-42BB-B93F-B5C0379508FF}.Debug|Any CPU.Build.0 = Debug|Any CPU
		{279CC36D-13C6-42BB-B93F-B5C0379508FF}.Release|Any CPU.ActiveCfg = Release|Any CPU
		{279CC36D-13C6-42BB-B93F-B5C0379508FF}.Release|Any CPU.Build.0 = Release|Any CPU
		{1F24616A-938D-4310-A2A4-BF6E30C1CA0E}.Debug|Any CPU.ActiveCfg = Debug|Any CPU
		{1F24616A-938D-4310-A2A4-BF6E30C1CA0E}.Debug|Any CPU.Build.0 = Debug|Any CPU
		{1F24616A-938D-4310-A2A4-BF6E30C1CA0E}.Release|Any CPU.ActiveCfg = Release|Any CPU
		{1F24616A-938D-4310-A2A4-BF6E30C1CA0E}.Release|Any CPU.Build.0 = Release|Any CPU
		{F4080BBF-B28E-469B-B99D-83070FC0F824}.Debug|Any CPU.ActiveCfg = Debug|Any CPU
		{F4080BBF-B28E-469B-B99D-83070FC0F824}.Debug|Any CPU.Build.0 = Debug|Any CPU
		{F4080BBF-B28E-469B-B99D-83070FC0F824}.Release|Any CPU.ActiveCfg = Release|Any CPU
		{F4080BBF-B28E-469B-B99D-83070FC0F824}.Release|Any CPU.Build.0 = Release|Any CPU
	EndGlobalSection
	GlobalSection(SolutionProperties) = preSolution
		HideSolutionNode = FALSE
	EndGlobalSection
	GlobalSection(NestedProjects) = preSolution
		{1138A882-4496-4D11-A69B-4FD48AA89A2F} = {3400B870-82CA-4EEE-92DE-95F0B46A4C9C}
		{A9017B62-3963-45B1-8051-7CE433BA853A} = {C1A94ECB-BAAF-4668-AF34-8B5800F22E40}
		{E9773672-1980-4C69-A209-E4CE51E3F205} = {C1A94ECB-BAAF-4668-AF34-8B5800F22E40}
		{56BA5EB8-3621-4BCA-B514-C0D49B32B320} = {C1A94ECB-BAAF-4668-AF34-8B5800F22E40}
		{D3F19144-90F9-4110-8B03-DE82CEA4A93D} = {8BD45884-4591-43D1-A905-3DBBF14121C9}
		{0B7A50CE-603C-44E3-8159-86BB7458CAB9} = {BC92748B-669D-4585-B158-FA84A17F35C1}
		{279CC36D-13C6-42BB-B93F-B5C0379508FF} = {BC92748B-669D-4585-B158-FA84A17F35C1}
		{1F24616A-938D-4310-A2A4-BF6E30C1CA0E} = {12E0E0DE-9DE1-4563-A6A0-8FC4337C89EE}
	EndGlobalSection
	GlobalSection(ExtensibilityGlobals) = postSolution
		SolutionGuid = {4341A395-E360-450B-85A5-16D1E223EE0E}
	EndGlobalSection
EndGlobal
